
Microsoft Visual Studio Solution File, Format Version 12.00
# Visual Studio Version 16
VisualStudioVersion = 16.0.30611.23
MinimumVisualStudioVersion = 10.0.40219.1
Project("{FAE04EC0-301F-11D3-BF4B-00C04F79EFBC}") = "ProjectDM", "ProjectDM.csproj", "{EE206AA7-D9F7-4B7C-88BB-A95FE36FDF6A}"
EndProject
Global
	GlobalSection(SolutionConfigurationPlatforms) = preSolution
		Debug|Any CPU = Debug|Any CPU
		Release|Any CPU = Release|Any CPU
	EndGlobalSection
	GlobalSection(ProjectConfigurationPlatforms) = postSolution
		{EE206AA7-D9F7-4B7C-88BB-A95FE36FDF6A}.Debug|Any CPU.ActiveCfg = Debug|Any CPU
		{EE206AA7-D9F7-4B7C-88BB-A95FE36FDF6A}.Debug|Any CPU.Build.0 = Debug|Any CPU
		{EE206AA7-D9F7-4B7C-88BB-A95FE36FDF6A}.Release|Any CPU.ActiveCfg = Release|Any CPU
		{EE206AA7-D9F7-4B7C-88BB-A95FE36FDF6A}.Release|Any CPU.Build.0 = Release|Any CPU
	EndGlobalSection
	GlobalSection(SolutionProperties) = preSolution
		HideSolutionNode = FALSE
	EndGlobalSection
	GlobalSection(ExtensibilityGlobals) = postSolution
		SolutionGuid = {693B7CA8-A2F8-4EB7-A9D9-5D7B3BBC0E0F}
	EndGlobalSection
EndGlobal
